# This file is automatically @generated by Cargo.
# It is not intended for manual editing.
version = 4

[[package]]
name = "sub-crate-binary"
version = "0.1.0"
dependencies = [
 "test-helpers",
]

[[package]]
name = "sub-crate-library"
version = "0.1.0"
dependencies = [
 "test-helpers",
]

[[package]]
name = "sub-crate-with-library-and-binary"
version = "0.1.0"
dependencies = [
 "test-helpers",
]

[[package]]
name = "test-helpers"
version = "0.1.0"

[[package]]
name = "with-tests"
version = "0.1.0"
dependencies = [
 "sub-crate-binary",
 "sub-crate-library",
 "sub-crate-with-library-and-binary",
]
